
Microsoft Visual Studio Solution File, Format Version 12.00
# Visual Studio Version 17
VisualStudioVersion = 17.3.32929.385
MinimumVisualStudioVersion = 10.0.40219.1
Project("{FAE04EC0-301F-11D3-BF4B-00C04F79EFBC}") = "SnowFallMidili", "SnowFallMidili.csproj", "{BB0D3002-BB93-46EE-88DC-FAEA70976EF6}"
EndProject
Project("{2150E333-8FDC-42A3-9474-1A3956D46DE8}") = "Solution Items", "Solution Items", "{94262CDC-837B-4485-96A3-0682A84C60B6}"
	ProjectSection(SolutionItems) = preProject
		.editorconfig = .editorconfig
	EndProjectSection
EndProject
Global
	GlobalSection(SolutionConfigurationPlatforms) = preSolution
		Debug|Any CPU = Debug|Any CPU
		Release|Any CPU = Release|Any CPU
	EndGlobalSection
	GlobalSection(ProjectConfigurationPlatforms) = postSolution
		{BB0D3002-BB93-46EE-88DC-FAEA70976EF6}.Debug|Any CPU.ActiveCfg = Debug|Any CPU
		{BB0D3002-BB93-46EE-88DC-FAEA70976EF6}.Debug|Any CPU.Build.0 = Debug|Any CPU
		{BB0D3002-BB93-46EE-88DC-FAEA70976EF6}.Release|Any CPU.ActiveCfg = Release|Any CPU
		{BB0D3002-BB93-46EE-88DC-FAEA70976EF6}.Release|Any CPU.Build.0 = Release|Any CPU
	EndGlobalSection
	GlobalSection(SolutionProperties) = preSolution
		HideSolutionNode = FALSE
	EndGlobalSection
	GlobalSection(ExtensibilityGlobals) = postSolution
		SolutionGuid = {DA97B047-8580-4D99-A2BC-7399429472C6}
	EndGlobalSection
EndGlobal
